
Microsoft Visual Studio Solution File, Format Version 12.00
# Visual Studio 15
VisualStudioVersion = 15.0.28307.1831
MinimumVisualStudioVersion = 10.0.40219.1
Project("{FAE04EC0-301F-11D3-BF4B-00C04F79EFBC}") = "ConsoleAkademetre", "ConsoleAkademetre\ConsoleAkademetre.csproj", "{A67C5025-33A6-4201-9EEE-25885EF0E027}"
EndProject
Global
	GlobalSection(SolutionConfigurationPlatforms) = preSolution
		Debug|Any CPU = Debug|Any CPU
		Release|Any CPU = Release|Any CPU
	EndGlobalSection
	GlobalSection(ProjectConfigurationPlatforms) = postSolution
		{A67C5025-33A6-4201-9EEE-25885EF0E027}.Debug|Any CPU.ActiveCfg = Debug|Any CPU
		{A67C5025-33A6-4201-9EEE-25885EF0E027}.Debug|Any CPU.Build.0 = Debug|Any CPU
		{A67C5025-33A6-4201-9EEE-25885EF0E027}.Release|Any CPU.ActiveCfg = Release|Any CPU
		{A67C5025-33A6-4201-9EEE-25885EF0E027}.Release|Any CPU.Build.0 = Release|Any CPU
	EndGlobalSection
	GlobalSection(SolutionProperties) = preSolution
		HideSolutionNode = FALSE
	EndGlobalSection
	GlobalSection(ExtensibilityGlobals) = postSolution
		SolutionGuid = {C338D367-68A3-4FE3-8B6E-E4A799A47310}
	EndGlobalSection
EndGlobal
